{
  "nodes": {
    "anastasis": {
      "inputs": {
        "nixpkgs": "nixpkgs"
      },
      "locked": {
        "lastModified": 1634211578,
        "narHash": "sha256-4IcBnZXJYwqbBqQXF4eJx0PVTOW88oANmOZ6TIY8nTY=",
        "owner": "ngi-nix",
        "repo": "anastasis",
        "rev": "bce0fa145c30e534385392e65453426faa297c96",
        "type": "github"
      },
      "original": {
        "owner": "ngi-nix",
        "repo": "anastasis",
        "type": "github"
      }
    },
    "nixpkgs": {
      "locked": {
        "lastModified": 1633505261,
        "narHash": "sha256-Vv2kJzyD8rYYwJBHbxGJTZTbqG1sv3t/jmxOt6UrpbA=",
        "owner": "JosephLucas",
        "repo": "nixpkgs",
        "rev": "e2d8fe9a4803c0d5bc0bd359ebf15106911b208f",
        "type": "github"
      },
      "original": {
        "owner": "JosephLucas",
        "ref": "anastasis",
        "repo": "nixpkgs",
        "type": "github"
      }
    },
    "nixpkgs_2": {
      "locked": {
        "lastModified": 1633505261,
        "narHash": "sha256-Vv2kJzyD8rYYwJBHbxGJTZTbqG1sv3t/jmxOt6UrpbA=",
        "owner": "JosephLucas",
        "repo": "nixpkgs",
        "rev": "e2d8fe9a4803c0d5bc0bd359ebf15106911b208f",
        "type": "github"
      },
      "original": {
        "owner": "JosephLucas",
        "ref": "anastasis",
        "repo": "nixpkgs",
        "type": "github"
      }
    },
    "root": {
      "inputs": {
        "anastasis": "anastasis",
        "nixpkgs": "nixpkgs_2"
      }
    }
  },
  "root": "root",
  "version": 7
}
